{
  "version": 4,
  "terraform_version": "0.15.4",
  "serial": 1,
  "lineage": "31aff673-0a29-0134-cebc-f49b293b574d",
  "outputs": {},
  "resources": [
    {
      "module": "module.resourceGroup",
      "mode": "managed",
      "type": "azurerm_resource_group",
      "name": "demoGrp",
      "provider": "module.resourceGroup.provider[\"registry.terraform.io/hashicorp/azurerm\"]",
      "instances": [
        {
          "schema_version": 0,
          "attributes": {
            "id": "/subscriptions/4346ed62-68c8-4405-9d42-68cacfaf3cf0/resourceGroups/DemoGroup",
            "location": "centralindia",
            "name": "DemoGroup",
            "tags": null,
            "timeouts": null
          },
          "sensitive_attributes": [],
          "private": "eyJlMmJmYjczMC1lY2FhLTExZTYtOGY4OC0zNDM2M2JjN2M0YzAiOnsiY3JlYXRlIjo1NDAwMDAwMDAwMDAwLCJkZWxldGUiOjU0MDAwMDAwMDAwMDAsInJlYWQiOjMwMDAwMDAwMDAwMCwidXBkYXRlIjo1NDAwMDAwMDAwMDAwfX0="
        }
      ]
    }
  ]
}
